
Microsoft Visual Studio Solution File, Format Version 12.00
# Visual Studio Version 17
VisualStudioVersion = 17.14.36212.18 d17.14
MinimumVisualStudioVersion = 10.0.40219.1
Project("{888888A0-9F3D-457C-B088-3A5042F75D52}") = "Prime number checker (session 4 task)", "Prime number checker (session 4 task)\Prime number checker (session 4 task).pyproj", "{45D4D5C6-029C-4BE6-96EB-4B7DE8EDE12F}"
EndProject
Global
	GlobalSection(SolutionConfigurationPlatforms) = preSolution
		Debug|Any CPU = Debug|Any CPU
		Release|Any CPU = Release|Any CPU
	EndGlobalSection
	GlobalSection(ProjectConfigurationPlatforms) = postSolution
		{45D4D5C6-029C-4BE6-96EB-4B7DE8EDE12F}.Debug|Any CPU.ActiveCfg = Debug|Any CPU
		{45D4D5C6-029C-4BE6-96EB-4B7DE8EDE12F}.Release|Any CPU.ActiveCfg = Release|Any CPU
	EndGlobalSection
	GlobalSection(SolutionProperties) = preSolution
		HideSolutionNode = FALSE
	EndGlobalSection
	GlobalSection(ExtensibilityGlobals) = postSolution
		SolutionGuid = {C2618997-C35D-4579-BBE3-86A8DD6B7AE8}
	EndGlobalSection
EndGlobal
